
Microsoft Visual Studio Solution File, Format Version 12.00
# Visual Studio Version 16
VisualStudioVersion = 16.0.29905.134
MinimumVisualStudioVersion = 10.0.40219.1
Project("{FAE04EC0-301F-11D3-BF4B-00C04F79EFBC}") = "20115458 Leo Task 1", "20115458 Leo Task 1\20115458 Leo Task 1.csproj", "{849C18FB-4693-420B-BEEA-6C7946A07168}"
EndProject
Global
	GlobalSection(SolutionConfigurationPlatforms) = preSolution
		Debug|Any CPU = Debug|Any CPU
		Release|Any CPU = Release|Any CPU
	EndGlobalSection
	GlobalSection(ProjectConfigurationPlatforms) = postSolution
		{849C18FB-4693-420B-BEEA-6C7946A07168}.Debug|Any CPU.ActiveCfg = Debug|Any CPU
		{849C18FB-4693-420B-BEEA-6C7946A07168}.Debug|Any CPU.Build.0 = Debug|Any CPU
		{849C18FB-4693-420B-BEEA-6C7946A07168}.Release|Any CPU.ActiveCfg = Release|Any CPU
		{849C18FB-4693-420B-BEEA-6C7946A07168}.Release|Any CPU.Build.0 = Release|Any CPU
	EndGlobalSection
	GlobalSection(SolutionProperties) = preSolution
		HideSolutionNode = FALSE
	EndGlobalSection
	GlobalSection(ExtensibilityGlobals) = postSolution
		SolutionGuid = {945F33D8-E757-4BB6-A934-AC0A552D95A0}
	EndGlobalSection
EndGlobal
